{
  "name": "dungeon",
  "version": "1.0.0",
  "lockfileVersion": 2,
  "requires": true,
  "packages": {
    "": {
      "name": "dungeon",
      "version": "1.0.0",
      "license": "ISC",
      "dependencies": {
        "sorted-array": "^2.0.4"
      }
    },
    "node_modules/sorted-array": {
      "version": "2.0.4",
      "resolved": "https://registry.npmjs.org/sorted-array/-/sorted-array-2.0.4.tgz",
      "integrity": "sha512-58INzrX0rL6ttCfsGoFmOuQY5AjR6A5E/MmGKJ5JvWHOey6gOEOC6vO8K6C0Y2bQR6KJ8o8aFwHjp/mJ/HcYsQ=="
    }
  },
  "dependencies": {
    "sorted-array": {
      "version": "2.0.4",
      "resolved": "https://registry.npmjs.org/sorted-array/-/sorted-array-2.0.4.tgz",
      "integrity": "sha512-58INzrX0rL6ttCfsGoFmOuQY5AjR6A5E/MmGKJ5JvWHOey6gOEOC6vO8K6C0Y2bQR6KJ8o8aFwHjp/mJ/HcYsQ=="
    }
  }
}
